// !$*UTF8*$!
{
	archiveVersion = 1;
	classes = {
	};
	objectVersion = 56;
	objects = {

/* Begin PBXBuildFile section */
		7C26ED6C2BA433DE0054ED15 /* ExamplesApp.swift in Sources */ = {isa = PBXBuildFile; fileRef = 7C26ED6B2BA433DE0054ED15 /* ExamplesApp.swift */; };
		7C26ED6E2BA433DE0054ED15 /* ContentView.swift in Sources */ = {isa = PBXBuildFile; fileRef = 7C26ED6D2BA433DE0054ED15 /* ContentView.swift */; };
		7C26ED702BA433DF0054ED15 /* Assets.xcassets in Resources */ = {isa = PBXBuildFile; fileRef = 7C26ED6F2BA433DF0054ED15 /* Assets.xcassets */; };
		7C26ED742BA433DF0054ED15 /* Preview Assets.xcassets in Resources */ = {isa = PBXBuildFile; fileRef = 7C26ED732BA433DF0054ED15 /* Preview Assets.xcassets */; };
		7C26ED7E2BA433DF0054ED15 /* ExamplesTests.swift in Sources */ = {isa = PBXBuildFile; fileRef = 7C26ED7D2BA433DF0054ED15 /* ExamplesTests.swift */; };
		7C26ED882BA433DF0054ED15 /* ExamplesUITests.swift in Sources */ = {isa = PBXBuildFile; fileRef = 7C26ED872BA433DF0054ED15 /* ExamplesUITests.swift */; };
		7C26ED8A2BA433DF0054ED15 /* ExamplesUITestsLaunchTests.swift in Sources */ = {isa = PBXBuildFile; fileRef = 7C26ED892BA433DF0054ED15 /* ExamplesUITestsLaunchTests.swift */; };
		7C26ED982BA434970054ED15 /* TailwindSwiftUI in Frameworks */ = {isa = PBXBuildFile; productRef = 7C26ED972BA434970054ED15 /* TailwindSwiftUI */; };
		7C26ED9A2BA5800C0054ED15 /* SizingView.swift in Sources */ = {isa = PBXBuildFile; fileRef = 7C26ED992BA5800C0054ED15 /* SizingView.swift */; };
		7C26ED9C2BA58ECB0054ED15 /* ColorsView.swift in Sources */ = {isa = PBXBuildFile; fileRef = 7C26ED9B2BA58ECB0054ED15 /* ColorsView.swift */; };
		7C26ED9E2BA59AA20054ED15 /* TypographyView.swift in Sources */ = {isa = PBXBuildFile; fileRef = 7C26ED9D2BA59AA20054ED15 /* TypographyView.swift */; };
		7C26EDA02BA5A1260054ED15 /* ShadowsView.swift in Sources */ = {isa = PBXBuildFile; fileRef = 7C26ED9F2BA5A1260054ED15 /* ShadowsView.swift */; };
		7C26EDA22BA695270054ED15 /* SimpleView.swift in Sources */ = {isa = PBXBuildFile; fileRef = 7C26EDA12BA695270054ED15 /* SimpleView.swift */; };
		7C26EDA62BA6C1E70054ED15 /* PlayfulView.swift in Sources */ = {isa = PBXBuildFile; fileRef = 7C26EDA52BA6C1E70054ED15 /* PlayfulView.swift */; };
		7C4CA11A2BA86AED002124B3 /* BrutalistView.swift in Sources */ = {isa = PBXBuildFile; fileRef = 7C4CA1192BA86AED002124B3 /* BrutalistView.swift */; };
		7C4CA11C2BA89112002124B3 /* MobileFirstView.swift in Sources */ = {isa = PBXBuildFile; fileRef = 7C4CA11B2BA89112002124B3 /* MobileFirstView.swift */; };
		7CA9C64B2BB1682C00FE50B1 /* StateVariantsView.swift in Sources */ = {isa = PBXBuildFile; fileRef = 7CA9C64A2BB1682C00FE50B1 /* StateVariantsView.swift */; };
		7CAC27292BA7111E001B9A5E /* ElegantView.swift in Sources */ = {isa = PBXBuildFile; fileRef = 7CAC27282BA7111E001B9A5E /* ElegantView.swift */; };
		7CB477BA2BB53E32003EAE51 /* MoviesView.swift in Sources */ = {isa = PBXBuildFile; fileRef = 7CB477B92BB53E32003EAE51 /* MoviesView.swift */; };
		7CB477BC2BB5471D003EAE51 /* NavigationView.swift in Sources */ = {isa = PBXBuildFile; fileRef = 7CB477BB2BB5471D003EAE51 /* NavigationView.swift */; };
		7CB477BE2BB5484C003EAE51 /* NavigationItem.swift in Sources */ = {isa = PBXBuildFile; fileRef = 7CB477BD2BB5484C003EAE51 /* NavigationItem.swift */; };
		7CB477C02BB54C3A003EAE51 /* ListView.swift in Sources */ = {isa = PBXBuildFile; fileRef = 7CB477BF2BB54C3A003EAE51 /* ListView.swift */; };
		7CB477C22BB54D72003EAE51 /* ListItem.swift in Sources */ = {isa = PBXBuildFile; fileRef = 7CB477C12BB54D72003EAE51 /* ListItem.swift */; };
		7CB477C42BB582DD003EAE51 /* Movie.swift in Sources */ = {isa = PBXBuildFile; fileRef = 7CB477C32BB582DD003EAE51 /* Movie.swift */; };
		7CB477C62BB58DB3003EAE51 /* DarkModeView.swift in Sources */ = {isa = PBXBuildFile; fileRef = 7CB477C52BB58DB3003EAE51 /* DarkModeView.swift */; };
		7CB477CD2BB80EE1003EAE51 /* TransformsView.swift in Sources */ = {isa = PBXBuildFile; fileRef = 7CB477CC2BB80EE1003EAE51 /* TransformsView.swift */; };
		7CB477CF2BB81202003EAE51 /* CSSGridView.swift in Sources */ = {isa = PBXBuildFile; fileRef = 7CB477CE2BB81202003EAE51 /* CSSGridView.swift */; };
		7CB477D12BB8158A003EAE51 /* FiltersView.swift in Sources */ = {isa = PBXBuildFile; fileRef = 7CB477D02BB8158A003EAE51 /* FiltersView.swift */; };
		7CB477D42BB938DF003EAE51 /* InstallationView.swift in Sources */ = {isa = PBXBuildFile; fileRef = 7CB477D32BB938DF003EAE51 /* InstallationView.swift */; };
		7CB477DA2BB950D4003EAE51 /* UtilityFirstFundamentalsView.swift in Sources */ = {isa = PBXBuildFile; fileRef = 7CB477D92BB950D4003EAE51 /* UtilityFirstFundamentalsView.swift */; };
		7CB477DC2BBA89FA003EAE51 /* HandlingHoverFocusAndOtherStatesView.swift in Sources */ = {isa = PBXBuildFile; fileRef = 7CB477DB2BBA89FA003EAE51 /* HandlingHoverFocusAndOtherStatesView.swift */; };
/* End PBXBuildFile section */

/* Begin PBXContainerItemProxy section */
		7C26ED7A2BA433DF0054ED15 /* PBXContainerItemProxy */ = {
			isa = PBXContainerItemProxy;
			containerPortal = 7C26ED602BA433DE0054ED15 /* Project object */;
			proxyType = 1;
			remoteGlobalIDString = 7C26ED672BA433DE0054ED15;
			remoteInfo = Examples;
		};
		7C26ED842BA433DF0054ED15 /* PBXContainerItemProxy */ = {
			isa = PBXContainerItemProxy;
			containerPortal = 7C26ED602BA433DE0054ED15 /* Project object */;
			proxyType = 1;
			remoteGlobalIDString = 7C26ED672BA433DE0054ED15;
			remoteInfo = Examples;
		};
/* End PBXContainerItemProxy section */

/* Begin PBXFileReference section */
		7C26ED682BA433DE0054ED15 /* Examples.app */ = {isa = PBXFileReference; explicitFileType = wrapper.application; includeInIndex = 0; path = Examples.app; sourceTree = BUILT_PRODUCTS_DIR; };
		7C26ED6B2BA433DE0054ED15 /* ExamplesApp.swift */ = {isa = PBXFileReference; lastKnownFileType = sourcecode.swift; path = ExamplesApp.swift; sourceTree = "<group>"; };
		7C26ED6D2BA433DE0054ED15 /* ContentView.swift */ = {isa = PBXFileReference; lastKnownFileType = sourcecode.swift; path = ContentView.swift; sourceTree = "<group>"; };
		7C26ED6F2BA433DF0054ED15 /* Assets.xcassets */ = {isa = PBXFileReference; lastKnownFileType = folder.assetcatalog; path = Assets.xcassets; sourceTree = "<group>"; };
		7C26ED712BA433DF0054ED15 /* Examples.entitlements */ = {isa = PBXFileReference; lastKnownFileType = text.plist.entitlements; path = Examples.entitlements; sourceTree = "<group>"; };
		7C26ED732BA433DF0054ED15 /* Preview Assets.xcassets */ = {isa = PBXFileReference; lastKnownFileType = folder.assetcatalog; path = "Preview Assets.xcassets"; sourceTree = "<group>"; };
		7C26ED792BA433DF0054ED15 /* ExamplesTests.xctest */ = {isa = PBXFileReference; explicitFileType = wrapper.cfbundle; includeInIndex = 0; path = ExamplesTests.xctest; sourceTree = BUILT_PRODUCTS_DIR; };
		7C26ED7D2BA433DF0054ED15 /* ExamplesTests.swift */ = {isa = PBXFileReference; lastKnownFileType = sourcecode.swift; path = ExamplesTests.swift; sourceTree = "<group>"; };
		7C26ED832BA433DF0054ED15 /* ExamplesUITests.xctest */ = {isa = PBXFileReference; explicitFileType = wrapper.cfbundle; includeInIndex = 0; path = ExamplesUITests.xctest; sourceTree = BUILT_PRODUCTS_DIR; };
		7C26ED872BA433DF0054ED15 /* ExamplesUITests.swift */ = {isa = PBXFileReference; lastKnownFileType = sourcecode.swift; path = ExamplesUITests.swift; sourceTree = "<group>"; };
		7C26ED892BA433DF0054ED15 /* ExamplesUITestsLaunchTests.swift */ = {isa = PBXFileReference; lastKnownFileType = sourcecode.swift; path = ExamplesUITestsLaunchTests.swift; sourceTree = "<group>"; };
		7C26ED992BA5800C0054ED15 /* SizingView.swift */ = {isa = PBXFileReference; lastKnownFileType = sourcecode.swift; path = SizingView.swift; sourceTree = "<group>"; };
		7C26ED9B2BA58ECB0054ED15 /* ColorsView.swift */ = {isa = PBXFileReference; lastKnownFileType = sourcecode.swift; path = ColorsView.swift; sourceTree = "<group>"; };
		7C26ED9D2BA59AA20054ED15 /* TypographyView.swift */ = {isa = PBXFileReference; lastKnownFileType = sourcecode.swift; path = TypographyView.swift; sourceTree = "<group>"; };
		7C26ED9F2BA5A1260054ED15 /* ShadowsView.swift */ = {isa = PBXFileReference; lastKnownFileType = sourcecode.swift; path = ShadowsView.swift; sourceTree = "<group>"; };
		7C26EDA12BA695270054ED15 /* SimpleView.swift */ = {isa = PBXFileReference; lastKnownFileType = sourcecode.swift; path = SimpleView.swift; sourceTree = "<group>"; };
		7C26EDA52BA6C1E70054ED15 /* PlayfulView.swift */ = {isa = PBXFileReference; lastKnownFileType = sourcecode.swift; path = PlayfulView.swift; sourceTree = "<group>"; };
		7C4CA1192BA86AED002124B3 /* BrutalistView.swift */ = {isa = PBXFileReference; lastKnownFileType = sourcecode.swift; path = BrutalistView.swift; sourceTree = "<group>"; };
		7C4CA11B2BA89112002124B3 /* MobileFirstView.swift */ = {isa = PBXFileReference; lastKnownFileType = sourcecode.swift; path = MobileFirstView.swift; sourceTree = "<group>"; };
		7CA9C64A2BB1682C00FE50B1 /* StateVariantsView.swift */ = {isa = PBXFileReference; lastKnownFileType = sourcecode.swift; path = StateVariantsView.swift; sourceTree = "<group>"; };
		7CAC27282BA7111E001B9A5E /* ElegantView.swift */ = {isa = PBXFileReference; lastKnownFileType = sourcecode.swift; path = ElegantView.swift; sourceTree = "<group>"; };
		7CB477B92BB53E32003EAE51 /* MoviesView.swift */ = {isa = PBXFileReference; lastKnownFileType = sourcecode.swift; path = MoviesView.swift; sourceTree = "<group>"; };
		7CB477BB2BB5471D003EAE51 /* NavigationView.swift */ = {isa = PBXFileReference; lastKnownFileType = sourcecode.swift; path = NavigationView.swift; sourceTree = "<group>"; };
		7CB477BD2BB5484C003EAE51 /* NavigationItem.swift */ = {isa = PBXFileReference; lastKnownFileType = sourcecode.swift; path = NavigationItem.swift; sourceTree = "<group>"; };
		7CB477BF2BB54C3A003EAE51 /* ListView.swift */ = {isa = PBXFileReference; lastKnownFileType = sourcecode.swift; path = ListView.swift; sourceTree = "<group>"; };
		7CB477C12BB54D72003EAE51 /* ListItem.swift */ = {isa = PBXFileReference; lastKnownFileType = sourcecode.swift; path = ListItem.swift; sourceTree = "<group>"; };
		7CB477C32BB582DD003EAE51 /* Movie.swift */ = {isa = PBXFileReference; lastKnownFileType = sourcecode.swift; path = Movie.swift; sourceTree = "<group>"; };
		7CB477C52BB58DB3003EAE51 /* DarkModeView.swift */ = {isa = PBXFileReference; lastKnownFileType = sourcecode.swift; path = DarkModeView.swift; sourceTree = "<group>"; };
		7CB477CC2BB80EE1003EAE51 /* TransformsView.swift */ = {isa = PBXFileReference; lastKnownFileType = sourcecode.swift; path = TransformsView.swift; sourceTree = "<group>"; };
		7CB477CE2BB81202003EAE51 /* CSSGridView.swift */ = {isa = PBXFileReference; lastKnownFileType = sourcecode.swift; path = CSSGridView.swift; sourceTree = "<group>"; };
		7CB477D02BB8158A003EAE51 /* FiltersView.swift */ = {isa = PBXFileReference; lastKnownFileType = sourcecode.swift; path = FiltersView.swift; sourceTree = "<group>"; };
		7CB477D32BB938DF003EAE51 /* InstallationView.swift */ = {isa = PBXFileReference; lastKnownFileType = sourcecode.swift; path = InstallationView.swift; sourceTree = "<group>"; };
		7CB477D92BB950D4003EAE51 /* UtilityFirstFundamentalsView.swift */ = {isa = PBXFileReference; lastKnownFileType = sourcecode.swift; path = UtilityFirstFundamentalsView.swift; sourceTree = "<group>"; };
		7CB477DB2BBA89FA003EAE51 /* HandlingHoverFocusAndOtherStatesView.swift */ = {isa = PBXFileReference; lastKnownFileType = sourcecode.swift; path = HandlingHoverFocusAndOtherStatesView.swift; sourceTree = "<group>"; };
/* End PBXFileReference section */

/* Begin PBXFrameworksBuildPhase section */
		7C26ED652BA433DE0054ED15 /* Frameworks */ = {
			isa = PBXFrameworksBuildPhase;
			buildActionMask = 2147483647;
			files = (
				7C26ED982BA434970054ED15 /* TailwindSwiftUI in Frameworks */,
			);
			runOnlyForDeploymentPostprocessing = 0;
		};
		7C26ED762BA433DF0054ED15 /* Frameworks */ = {
			isa = PBXFrameworksBuildPhase;
			buildActionMask = 2147483647;
			files = (
			);
			runOnlyForDeploymentPostprocessing = 0;
		};
		7C26ED802BA433DF0054ED15 /* Frameworks */ = {
			isa = PBXFrameworksBuildPhase;
			buildActionMask = 2147483647;
			files = (
			);
			runOnlyForDeploymentPostprocessing = 0;
		};
/* End PBXFrameworksBuildPhase section */

/* Begin PBXGroup section */
		7C26ED5F2BA433DE0054ED15 = {
			isa = PBXGroup;
			children = (
				7C26ED6A2BA433DE0054ED15 /* Examples */,
				7C26ED7C2BA433DF0054ED15 /* ExamplesTests */,
				7C26ED862BA433DF0054ED15 /* ExamplesUITests */,
				7C26ED692BA433DE0054ED15 /* Products */,
				7C26ED962BA434970054ED15 /* Frameworks */,
			);
			sourceTree = "<group>";
		};
		7C26ED692BA433DE0054ED15 /* Products */ = {
			isa = PBXGroup;
			children = (
				7C26ED682BA433DE0054ED15 /* Examples.app */,
				7C26ED792BA433DF0054ED15 /* ExamplesTests.xctest */,
				7C26ED832BA433DF0054ED15 /* ExamplesUITests.xctest */,
			);
			name = Products;
			sourceTree = "<group>";
		};
		7C26ED6A2BA433DE0054ED15 /* Examples */ = {
			isa = PBXGroup;
			children = (
				7C4CA11D2BA8911E002124B3 /* Views */,
				7C26ED6B2BA433DE0054ED15 /* ExamplesApp.swift */,
				7C26ED6F2BA433DF0054ED15 /* Assets.xcassets */,
				7C26ED712BA433DF0054ED15 /* Examples.entitlements */,
				7C26ED722BA433DF0054ED15 /* Preview Content */,
			);
			path = Examples;
			sourceTree = "<group>";
		};
		7C26ED722BA433DF0054ED15 /* Preview Content */ = {
			isa = PBXGroup;
			children = (
				7C26ED732BA433DF0054ED15 /* Preview Assets.xcassets */,
			);
			path = "Preview Content";
			sourceTree = "<group>";
		};
		7C26ED7C2BA433DF0054ED15 /* ExamplesTests */ = {
			isa = PBXGroup;
			children = (
				7C26ED7D2BA433DF0054ED15 /* ExamplesTests.swift */,
			);
			path = ExamplesTests;
			sourceTree = "<group>";
		};
		7C26ED862BA433DF0054ED15 /* ExamplesUITests */ = {
			isa = PBXGroup;
			children = (
				7C26ED872BA433DF0054ED15 /* ExamplesUITests.swift */,
				7C26ED892BA433DF0054ED15 /* ExamplesUITestsLaunchTests.swift */,
			);
			path = ExamplesUITests;
			sourceTree = "<group>";
		};
		7C26ED962BA434970054ED15 /* Frameworks */ = {
			isa = PBXGroup;
			children = (
			);
			name = Frameworks;
			sourceTree = "<group>";
		};
		7C26EDA32BA6C1AD0054ED15 /* Build anything */ = {
			isa = PBXGroup;
			children = (
				7C26EDA12BA695270054ED15 /* SimpleView.swift */,
				7C4CA1192BA86AED002124B3 /* BrutalistView.swift */,
				7C26EDA52BA6C1E70054ED15 /* PlayfulView.swift */,
				7CAC27282BA7111E001B9A5E /* ElegantView.swift */,
			);
			path = "Build anything";
			sourceTree = "<group>";
		};
		7C26EDA42BA6C1CA0054ED15 /* Constraint-based */ = {
			isa = PBXGroup;
			children = (
				7C26ED992BA5800C0054ED15 /* SizingView.swift */,
				7C26ED9B2BA58ECB0054ED15 /* ColorsView.swift */,
				7C26ED9D2BA59AA20054ED15 /* TypographyView.swift */,
				7C26ED9F2BA5A1260054ED15 /* ShadowsView.swift */,
			);
			path = "Constraint-based";
			sourceTree = "<group>";
		};
		7C4CA11D2BA8911E002124B3 /* Views */ = {
			isa = PBXGroup;
			children = (
				7CB477D62BB93B84003EAE51 /* Core Concepts */,
				7CB477D22BB938C3003EAE51 /* Getting Started */,
				7CB477CB2BB80ED1003EAE51 /* Modern features */,
				7CB477B82BB53E12003EAE51 /* Component-driven */,
				7C26EDA42BA6C1CA0054ED15 /* Constraint-based */,
				7C26EDA32BA6C1AD0054ED15 /* Build anything */,
				7C26ED6D2BA433DE0054ED15 /* ContentView.swift */,
				7C4CA11B2BA89112002124B3 /* MobileFirstView.swift */,
				7CA9C64A2BB1682C00FE50B1 /* StateVariantsView.swift */,
				7CB477C52BB58DB3003EAE51 /* DarkModeView.swift */,
			);
			path = Views;
			sourceTree = "<group>";
		};
		7CB477B82BB53E12003EAE51 /* Component-driven */ = {
			isa = PBXGroup;
			children = (
				7CB477B92BB53E32003EAE51 /* MoviesView.swift */,
				7CB477BB2BB5471D003EAE51 /* NavigationView.swift */,
				7CB477BD2BB5484C003EAE51 /* NavigationItem.swift */,
				7CB477BF2BB54C3A003EAE51 /* ListView.swift */,
				7CB477C12BB54D72003EAE51 /* ListItem.swift */,
				7CB477C32BB582DD003EAE51 /* Movie.swift */,
			);
			path = "Component-driven";
			sourceTree = "<group>";
		};
		7CB477CB2BB80ED1003EAE51 /* Modern features */ = {
			isa = PBXGroup;
			children = (
				7CB477CC2BB80EE1003EAE51 /* TransformsView.swift */,
				7CB477CE2BB81202003EAE51 /* CSSGridView.swift */,
				7CB477D02BB8158A003EAE51 /* FiltersView.swift */,
			);
			path = "Modern features";
			sourceTree = "<group>";
		};
		7CB477D22BB938C3003EAE51 /* Getting Started */ = {
			isa = PBXGroup;
			children = (
				7CB477D32BB938DF003EAE51 /* InstallationView.swift */,
			);
			path = "Getting Started";
			sourceTree = "<group>";
		};
		7CB477D62BB93B84003EAE51 /* Core Concepts */ = {
			isa = PBXGroup;
			children = (
				7CB477D92BB950D4003EAE51 /* UtilityFirstFundamentalsView.swift */,
				7CB477DB2BBA89FA003EAE51 /* HandlingHoverFocusAndOtherStatesView.swift */,
			);
			path = "Core Concepts";
			sourceTree = "<group>";
		};
/* End PBXGroup section */

/* Begin PBXNativeTarget section */
		7C26ED672BA433DE0054ED15 /* Examples */ = {
			isa = PBXNativeTarget;
			buildConfigurationList = 7C26ED8D2BA433DF0054ED15 /* Build configuration list for PBXNativeTarget "Examples" */;
			buildPhases = (
				7C26ED642BA433DE0054ED15 /* Sources */,
				7C26ED652BA433DE0054ED15 /* Frameworks */,
				7C26ED662BA433DE0054ED15 /* Resources */,
			);
			buildRules = (
			);
			dependencies = (
			);
			name = Examples;
			packageProductDependencies = (
				7C26ED972BA434970054ED15 /* TailwindSwiftUI */,
			);
			productName = Examples;
			productReference = 7C26ED682BA433DE0054ED15 /* Examples.app */;
			productType = "com.apple.product-type.application";
		};
		7C26ED782BA433DF0054ED15 /* ExamplesTests */ = {
			isa = PBXNativeTarget;
			buildConfigurationList = 7C26ED902BA433DF0054ED15 /* Build configuration list for PBXNativeTarget "ExamplesTests" */;
			buildPhases = (
				7C26ED752BA433DF0054ED15 /* Sources */,
				7C26ED762BA433DF0054ED15 /* Frameworks */,
				7C26ED772BA433DF0054ED15 /* Resources */,
			);
			buildRules = (
			);
			dependencies = (
				7C26ED7B2BA433DF0054ED15 /* PBXTargetDependency */,
			);
			name = ExamplesTests;
			productName = ExamplesTests;
			productReference = 7C26ED792BA433DF0054ED15 /* ExamplesTests.xctest */;
			productType = "com.apple.product-type.bundle.unit-test";
		};
		7C26ED822BA433DF0054ED15 /* ExamplesUITests */ = {
			isa = PBXNativeTarget;
			buildConfigurationList = 7C26ED932BA433DF0054ED15 /* Build configuration list for PBXNativeTarget "ExamplesUITests" */;
			buildPhases = (
				7C26ED7F2BA433DF0054ED15 /* Sources */,
				7C26ED802BA433DF0054ED15 /* Frameworks */,
				7C26ED812BA433DF0054ED15 /* Resources */,
			);
			buildRules = (
			);
			dependencies = (
				7C26ED852BA433DF0054ED15 /* PBXTargetDependency */,
			);
			name = ExamplesUITests;
			productName = ExamplesUITests;
			productReference = 7C26ED832BA433DF0054ED15 /* ExamplesUITests.xctest */;
			productType = "com.apple.product-type.bundle.ui-testing";
		};
/* End PBXNativeTarget section */

/* Begin PBXProject section */
		7C26ED602BA433DE0054ED15 /* Project object */ = {
			isa = PBXProject;
			attributes = {
				BuildIndependentTargetsInParallel = 1;
				LastSwiftUpdateCheck = 1530;
				LastUpgradeCheck = 1530;
				TargetAttributes = {
					7C26ED672BA433DE0054ED15 = {
						CreatedOnToolsVersion = 15.3;
					};
					7C26ED782BA433DF0054ED15 = {
						CreatedOnToolsVersion = 15.3;
						TestTargetID = 7C26ED672BA433DE0054ED15;
					};
					7C26ED822BA433DF0054ED15 = {
						CreatedOnToolsVersion = 15.3;
						TestTargetID = 7C26ED672BA433DE0054ED15;
					};
				};
			};
			buildConfigurationList = 7C26ED632BA433DE0054ED15 /* Build configuration list for PBXProject "Examples" */;
			compatibilityVersion = "Xcode 14.0";
			developmentRegion = en;
			hasScannedForEncodings = 0;
			knownRegions = (
				en,
				Base,
			);
			mainGroup = 7C26ED5F2BA433DE0054ED15;
			productRefGroup = 7C26ED692BA433DE0054ED15 /* Products */;
			projectDirPath = "";
			projectRoot = "";
			targets = (
				7C26ED672BA433DE0054ED15 /* Examples */,
				7C26ED782BA433DF0054ED15 /* ExamplesTests */,
				7C26ED822BA433DF0054ED15 /* ExamplesUITests */,
			);
		};
/* End PBXProject section */

/* Begin PBXResourcesBuildPhase section */
		7C26ED662BA433DE0054ED15 /* Resources */ = {
			isa = PBXResourcesBuildPhase;
			buildActionMask = 2147483647;
			files = (
				7C26ED742BA433DF0054ED15 /* Preview Assets.xcassets in Resources */,
				7C26ED702BA433DF0054ED15 /* Assets.xcassets in Resources */,
			);
			runOnlyForDeploymentPostprocessing = 0;
		};
		7C26ED772BA433DF0054ED15 /* Resources */ = {
			isa = PBXResourcesBuildPhase;
			buildActionMask = 2147483647;
			files = (
			);
			runOnlyForDeploymentPostprocessing = 0;
		};
		7C26ED812BA433DF0054ED15 /* Resources */ = {
			isa = PBXResourcesBuildPhase;
			buildActionMask = 2147483647;
			files = (
			);
			runOnlyForDeploymentPostprocessing = 0;
		};
/* End PBXResourcesBuildPhase section */

/* Begin PBXSourcesBuildPhase section */
		7C26ED642BA433DE0054ED15 /* Sources */ = {
			isa = PBXSourcesBuildPhase;
			buildActionMask = 2147483647;
			files = (
				7CB477C02BB54C3A003EAE51 /* ListView.swift in Sources */,
				7CB477CD2BB80EE1003EAE51 /* TransformsView.swift in Sources */,
				7CB477BC2BB5471D003EAE51 /* NavigationView.swift in Sources */,
				7CB477C42BB582DD003EAE51 /* Movie.swift in Sources */,
				7CB477D12BB8158A003EAE51 /* FiltersView.swift in Sources */,
				7C26EDA02BA5A1260054ED15 /* ShadowsView.swift in Sources */,
				7C4CA11A2BA86AED002124B3 /* BrutalistView.swift in Sources */,
				7CAC27292BA7111E001B9A5E /* ElegantView.swift in Sources */,
				7CB477DC2BBA89FA003EAE51 /* HandlingHoverFocusAndOtherStatesView.swift in Sources */,
				7CB477D42BB938DF003EAE51 /* InstallationView.swift in Sources */,
				7CB477DA2BB950D4003EAE51 /* UtilityFirstFundamentalsView.swift in Sources */,
				7C26ED9C2BA58ECB0054ED15 /* ColorsView.swift in Sources */,
				7C4CA11C2BA89112002124B3 /* MobileFirstView.swift in Sources */,
				7CB477BE2BB5484C003EAE51 /* NavigationItem.swift in Sources */,
				7C26ED6E2BA433DE0054ED15 /* ContentView.swift in Sources */,
				7CA9C64B2BB1682C00FE50B1 /* StateVariantsView.swift in Sources */,
				7C26ED9A2BA5800C0054ED15 /* SizingView.swift in Sources */,
				7CB477CF2BB81202003EAE51 /* CSSGridView.swift in Sources */,
				7C26EDA62BA6C1E70054ED15 /* PlayfulView.swift in Sources */,
				7CB477C22BB54D72003EAE51 /* ListItem.swift in Sources */,
				7C26ED6C2BA433DE0054ED15 /* ExamplesApp.swift in Sources */,
				7CB477C62BB58DB3003EAE51 /* DarkModeView.swift in Sources */,
				7C26ED9E2BA59AA20054ED15 /* TypographyView.swift in Sources */,
				7CB477BA2BB53E32003EAE51 /* MoviesView.swift in Sources */,
				7C26EDA22BA695270054ED15 /* SimpleView.swift in Sources */,
			);
			runOnlyForDeploymentPostprocessing = 0;
		};
		7C26ED752BA433DF0054ED15 /* Sources */ = {
			isa = PBXSourcesBuildPhase;
			buildActionMask = 2147483647;
			files = (
				7C26ED7E2BA433DF0054ED15 /* ExamplesTests.swift in Sources */,
			);
			runOnlyForDeploymentPostprocessing = 0;
		};
		7C26ED7F2BA433DF0054ED15 /* Sources */ = {
			isa = PBXSourcesBuildPhase;
			buildActionMask = 2147483647;
			files = (
				7C26ED8A2BA433DF0054ED15 /* ExamplesUITestsLaunchTests.swift in Sources */,
				7C26ED882BA433DF0054ED15 /* ExamplesUITests.swift in Sources */,
			);
			runOnlyForDeploymentPostprocessing = 0;
		};
/* End PBXSourcesBuildPhase section */

/* Begin PBXTargetDependency section */
		7C26ED7B2BA433DF0054ED15 /* PBXTargetDependency */ = {
			isa = PBXTargetDependency;
			target = 7C26ED672BA433DE0054ED15 /* Examples */;
			targetProxy = 7C26ED7A2BA433DF0054ED15 /* PBXContainerItemProxy */;
		};
		7C26ED852BA433DF0054ED15 /* PBXTargetDependency */ = {
			isa = PBXTargetDependency;
			target = 7C26ED672BA433DE0054ED15 /* Examples */;
			targetProxy = 7C26ED842BA433DF0054ED15 /* PBXContainerItemProxy */;
		};
/* End PBXTargetDependency section */

/* Begin XCBuildConfiguration section */
		7C26ED8B2BA433DF0054ED15 /* Debug */ = {
			isa = XCBuildConfiguration;
			buildSettings = {
				ALWAYS_SEARCH_USER_PATHS = NO;
				ASSETCATALOG_COMPILER_GENERATE_SWIFT_ASSET_SYMBOL_EXTENSIONS = YES;
				CLANG_ANALYZER_NONNULL = YES;
				CLANG_ANALYZER_NUMBER_OBJECT_CONVERSION = YES_AGGRESSIVE;
				CLANG_CXX_LANGUAGE_STANDARD = "gnu++20";
				CLANG_ENABLE_MODULES = YES;
				CLANG_ENABLE_OBJC_ARC = YES;
				CLANG_ENABLE_OBJC_WEAK = YES;
				CLANG_WARN_BLOCK_CAPTURE_AUTORELEASING = YES;
				CLANG_WARN_BOOL_CONVERSION = YES;
				CLANG_WARN_COMMA = YES;
				CLANG_WARN_CONSTANT_CONVERSION = YES;
				CLANG_WARN_DEPRECATED_OBJC_IMPLEMENTATIONS = YES;
				CLANG_WARN_DIRECT_OBJC_ISA_USAGE = YES_ERROR;
				CLANG_WARN_DOCUMENTATION_COMMENTS = YES;
				CLANG_WARN_EMPTY_BODY = YES;
				CLANG_WARN_ENUM_CONVERSION = YES;
				CLANG_WARN_INFINITE_RECURSION = YES;
				CLANG_WARN_INT_CONVERSION = YES;
				CLANG_WARN_NON_LITERAL_NULL_CONVERSION = YES;
				CLANG_WARN_OBJC_IMPLICIT_RETAIN_SELF = YES;
				CLANG_WARN_OBJC_LITERAL_CONVERSION = YES;
				CLANG_WARN_OBJC_ROOT_CLASS = YES_ERROR;
				CLANG_WARN_QUOTED_INCLUDE_IN_FRAMEWORK_HEADER = YES;
				CLANG_WARN_RANGE_LOOP_ANALYSIS = YES;
				CLANG_WARN_STRICT_PROTOTYPES = YES;
				CLANG_WARN_SUSPICIOUS_MOVE = YES;
				CLANG_WARN_UNGUARDED_AVAILABILITY = YES_AGGRESSIVE;
				CLANG_WARN_UNREACHABLE_CODE = YES;
				CLANG_WARN__DUPLICATE_METHOD_MATCH = YES;
				COPY_PHASE_STRIP = NO;
				DEBUG_INFORMATION_FORMAT = dwarf;
				ENABLE_STRICT_OBJC_MSGSEND = YES;
				ENABLE_TESTABILITY = YES;
				ENABLE_USER_SCRIPT_SANDBOXING = YES;
				GCC_C_LANGUAGE_STANDARD = gnu17;
				GCC_DYNAMIC_NO_PIC = NO;
				GCC_NO_COMMON_BLOCKS = YES;
				GCC_OPTIMIZATION_LEVEL = 0;
				GCC_PREPROCESSOR_DEFINITIONS = (
					"DEBUG=1",
					"$(inherited)",
				);
				GCC_WARN_64_TO_32_BIT_CONVERSION = YES;
				GCC_WARN_ABOUT_RETURN_TYPE = YES_ERROR;
				GCC_WARN_UNDECLARED_SELECTOR = YES;
				GCC_WARN_UNINITIALIZED_AUTOS = YES_AGGRESSIVE;
				GCC_WARN_UNUSED_FUNCTION = YES;
				GCC_WARN_UNUSED_VARIABLE = YES;
				LOCALIZATION_PREFERS_STRING_CATALOGS = YES;
				MTL_ENABLE_DEBUG_INFO = INCLUDE_SOURCE;
				MTL_FAST_MATH = YES;
				ONLY_ACTIVE_ARCH = YES;
				SWIFT_ACTIVE_COMPILATION_CONDITIONS = "DEBUG $(inherited)";
				SWIFT_OPTIMIZATION_LEVEL = "-Onone";
			};
			name = Debug;
		};
		7C26ED8C2BA433DF0054ED15 /* Release */ = {
			isa = XCBuildConfiguration;
			buildSettings = {
				ALWAYS_SEARCH_USER_PATHS = NO;
				ASSETCATALOG_COMPILER_GENERATE_SWIFT_ASSET_SYMBOL_EXTENSIONS = YES;
				CLANG_ANALYZER_NONNULL = YES;
				CLANG_ANALYZER_NUMBER_OBJECT_CONVERSION = YES_AGGRESSIVE;
				CLANG_CXX_LANGUAGE_STANDARD = "gnu++20";
				CLANG_ENABLE_MODULES = YES;
				CLANG_ENABLE_OBJC_ARC = YES;
				CLANG_ENABLE_OBJC_WEAK = YES;
				CLANG_WARN_BLOCK_CAPTURE_AUTORELEASING = YES;
				CLANG_WARN_BOOL_CONVERSION = YES;
				CLANG_WARN_COMMA = YES;
				CLANG_WARN_CONSTANT_CONVERSION = YES;
				CLANG_WARN_DEPRECATED_OBJC_IMPLEMENTATIONS = YES;
				CLANG_WARN_DIRECT_OBJC_ISA_USAGE = YES_ERROR;
				CLANG_WARN_DOCUMENTATION_COMMENTS = YES;
				CLANG_WARN_EMPTY_BODY = YES;
				CLANG_WARN_ENUM_CONVERSION = YES;
				CLANG_WARN_INFINITE_RECURSION = YES;
				CLANG_WARN_INT_CONVERSION = YES;
				CLANG_WARN_NON_LITERAL_NULL_CONVERSION = YES;
				CLANG_WARN_OBJC_IMPLICIT_RETAIN_SELF = YES;
				CLANG_WARN_OBJC_LITERAL_CONVERSION = YES;
				CLANG_WARN_OBJC_ROOT_CLASS = YES_ERROR;
				CLANG_WARN_QUOTED_INCLUDE_IN_FRAMEWORK_HEADER = YES;
				CLANG_WARN_RANGE_LOOP_ANALYSIS = YES;
				CLANG_WARN_STRICT_PROTOTYPES = YES;
				CLANG_WARN_SUSPICIOUS_MOVE = YES;
				CLANG_WARN_UNGUARDED_AVAILABILITY = YES_AGGRESSIVE;
				CLANG_WARN_UNREACHABLE_CODE = YES;
				CLANG_WARN__DUPLICATE_METHOD_MATCH = YES;
				COPY_PHASE_STRIP = NO;
				DEBUG_INFORMATION_FORMAT = "dwarf-with-dsym";
				ENABLE_NS_ASSERTIONS = NO;
				ENABLE_STRICT_OBJC_MSGSEND = YES;
				ENABLE_USER_SCRIPT_SANDBOXING = YES;
				GCC_C_LANGUAGE_STANDARD = gnu17;
				GCC_NO_COMMON_BLOCKS = YES;
				GCC_WARN_64_TO_32_BIT_CONVERSION = YES;
				GCC_WARN_ABOUT_RETURN_TYPE = YES_ERROR;
				GCC_WARN_UNDECLARED_SELECTOR = YES;
				GCC_WARN_UNINITIALIZED_AUTOS = YES_AGGRESSIVE;
				GCC_WARN_UNUSED_FUNCTION = YES;
				GCC_WARN_UNUSED_VARIABLE = YES;
				LOCALIZATION_PREFERS_STRING_CATALOGS = YES;
				MTL_ENABLE_DEBUG_INFO = NO;
				MTL_FAST_MATH = YES;
				SWIFT_COMPILATION_MODE = wholemodule;
			};
			name = Release;
		};
		7C26ED8E2BA433DF0054ED15 /* Debug */ = {
			isa = XCBuildConfiguration;
			buildSettings = {
				ASSETCATALOG_COMPILER_APPICON_NAME = AppIcon;
				ASSETCATALOG_COMPILER_GLOBAL_ACCENT_COLOR_NAME = AccentColor;
				CODE_SIGN_ENTITLEMENTS = Examples/Examples.entitlements;
				CODE_SIGN_STYLE = Automatic;
				CURRENT_PROJECT_VERSION = 1;
				DEVELOPMENT_ASSET_PATHS = "\"Examples/Preview Content\"";
				DEVELOPMENT_TEAM = T4TW6Z2N88;
				ENABLE_HARDENED_RUNTIME = YES;
				ENABLE_PREVIEWS = YES;
				GENERATE_INFOPLIST_FILE = YES;
				"INFOPLIST_KEY_UIApplicationSceneManifest_Generation[sdk=iphoneos*]" = YES;
				"INFOPLIST_KEY_UIApplicationSceneManifest_Generation[sdk=iphonesimulator*]" = YES;
				"INFOPLIST_KEY_UIApplicationSupportsIndirectInputEvents[sdk=iphoneos*]" = YES;
				"INFOPLIST_KEY_UIApplicationSupportsIndirectInputEvents[sdk=iphonesimulator*]" = YES;
				"INFOPLIST_KEY_UILaunchScreen_Generation[sdk=iphoneos*]" = YES;
				"INFOPLIST_KEY_UILaunchScreen_Generation[sdk=iphonesimulator*]" = YES;
				"INFOPLIST_KEY_UIStatusBarStyle[sdk=iphoneos*]" = UIStatusBarStyleDefault;
				"INFOPLIST_KEY_UIStatusBarStyle[sdk=iphonesimulator*]" = UIStatusBarStyleDefault;
				INFOPLIST_KEY_UISupportedInterfaceOrientations_iPad = "UIInterfaceOrientationPortrait UIInterfaceOrientationPortraitUpsideDown UIInterfaceOrientationLandscapeLeft UIInterfaceOrientationLandscapeRight";
				INFOPLIST_KEY_UISupportedInterfaceOrientations_iPhone = "UIInterfaceOrientationPortrait UIInterfaceOrientationLandscapeLeft UIInterfaceOrientationLandscapeRight";
				IPHONEOS_DEPLOYMENT_TARGET = 17.4;
				LD_RUNPATH_SEARCH_PATHS = "@executable_path/Frameworks";
				"LD_RUNPATH_SEARCH_PATHS[sdk=macosx*]" = "@executable_path/../Frameworks";
				MACOSX_DEPLOYMENT_TARGET = 14.1;
				MARKETING_VERSION = 1.0;
				PRODUCT_BUNDLE_IDENTIFIER = ai.documentai.Examples;
				PRODUCT_NAME = "$(TARGET_NAME)";
				SDKROOT = auto;
				SUPPORTED_PLATFORMS = "iphoneos iphonesimulator macosx";
				SWIFT_EMIT_LOC_STRINGS = YES;
				SWIFT_VERSION = 5.0;
				TARGETED_DEVICE_FAMILY = "1,2";
			};
			name = Debug;
		};
		7C26ED8F2BA433DF0054ED15 /* Release */ = {
			isa = XCBuildConfiguration;
			buildSettings = {
				ASSETCATALOG_COMPILER_APPICON_NAME = AppIcon;
				ASSETCATALOG_COMPILER_GLOBAL_ACCENT_COLOR_NAME = AccentColor;
				CODE_SIGN_ENTITLEMENTS = Examples/Examples.entitlements;
				CODE_SIGN_STYLE = Automatic;
				CURRENT_PROJECT_VERSION = 1;
				DEVELOPMENT_ASSET_PATHS = "\"Examples/Preview Content\"";
				DEVELOPMENT_TEAM = T4TW6Z2N88;
				ENABLE_HARDENED_RUNTIME = YES;
				ENABLE_PREVIEWS = YES;
				GENERATE_INFOPLIST_FILE = YES;
				"INFOPLIST_KEY_UIApplicationSceneManifest_Generation[sdk=iphoneos*]" = YES;
				"INFOPLIST_KEY_UIApplicationSceneManifest_Generation[sdk=iphonesimulator*]" = YES;
				"INFOPLIST_KEY_UIApplicationSupportsIndirectInputEvents[sdk=iphoneos*]" = YES;
				"INFOPLIST_KEY_UIApplicationSupportsIndirectInputEvents[sdk=iphonesimulator*]" = YES;
				"INFOPLIST_KEY_UILaunchScreen_Generation[sdk=iphoneos*]" = YES;
				"INFOPLIST_KEY_UILaunchScreen_Generation[sdk=iphonesimulator*]" = YES;
				"INFOPLIST_KEY_UIStatusBarStyle[sdk=iphoneos*]" = UIStatusBarStyleDefault;
				"INFOPLIST_KEY_UIStatusBarStyle[sdk=iphonesimulator*]" = UIStatusBarStyleDefault;
				INFOPLIST_KEY_UISupportedInterfaceOrientations_iPad = "UIInterfaceOrientationPortrait UIInterfaceOrientationPortraitUpsideDown UIInterfaceOrientationLandscapeLeft UIInterfaceOrientationLandscapeRight";
				INFOPLIST_KEY_UISupportedInterfaceOrientations_iPhone = "UIInterfaceOrientationPortrait UIInterfaceOrientationLandscapeLeft UIInterfaceOrientationLandscapeRight";
				IPHONEOS_DEPLOYMENT_TARGET = 17.4;
				LD_RUNPATH_SEARCH_PATHS = "@executable_path/Frameworks";
				"LD_RUNPATH_SEARCH_PATHS[sdk=macosx*]" = "@executable_path/../Frameworks";
				MACOSX_DEPLOYMENT_TARGET = 14.1;
				MARKETING_VERSION = 1.0;
				PRODUCT_BUNDLE_IDENTIFIER = ai.documentai.Examples;
				PRODUCT_NAME = "$(TARGET_NAME)";
				SDKROOT = auto;
				SUPPORTED_PLATFORMS = "iphoneos iphonesimulator macosx";
				SWIFT_EMIT_LOC_STRINGS = YES;
				SWIFT_VERSION = 5.0;
				TARGETED_DEVICE_FAMILY = "1,2";
			};
			name = Release;
		};
		7C26ED912BA433DF0054ED15 /* Debug */ = {
			isa = XCBuildConfiguration;
			buildSettings = {
				ALWAYS_EMBED_SWIFT_STANDARD_LIBRARIES = YES;
				BUNDLE_LOADER = "$(TEST_HOST)";
				CODE_SIGN_STYLE = Automatic;
				CURRENT_PROJECT_VERSION = 1;
				DEVELOPMENT_TEAM = T4TW6Z2N88;
				GENERATE_INFOPLIST_FILE = YES;
				IPHONEOS_DEPLOYMENT_TARGET = 17.4;
				MACOSX_DEPLOYMENT_TARGET = 14.1;
				MARKETING_VERSION = 1.0;
				PRODUCT_BUNDLE_IDENTIFIER = ai.documentai.ExamplesTests;
				PRODUCT_NAME = "$(TARGET_NAME)";
				SDKROOT = auto;
				SUPPORTED_PLATFORMS = "iphoneos iphonesimulator macosx";
				SWIFT_EMIT_LOC_STRINGS = NO;
				SWIFT_VERSION = 5.0;
				TARGETED_DEVICE_FAMILY = "1,2";
				TEST_HOST = "$(BUILT_PRODUCTS_DIR)/Examples.app/$(BUNDLE_EXECUTABLE_FOLDER_PATH)/Examples";
			};
			name = Debug;
		};
		7C26ED922BA433DF0054ED15 /* Release */ = {
			isa = XCBuildConfiguration;
			buildSettings = {
				ALWAYS_EMBED_SWIFT_STANDARD_LIBRARIES = YES;
				BUNDLE_LOADER = "$(TEST_HOST)";
				CODE_SIGN_STYLE = Automatic;
				CURRENT_PROJECT_VERSION = 1;
				DEVELOPMENT_TEAM = T4TW6Z2N88;
				GENERATE_INFOPLIST_FILE = YES;
				IPHONEOS_DEPLOYMENT_TARGET = 17.4;
				MACOSX_DEPLOYMENT_TARGET = 14.1;
				MARKETING_VERSION = 1.0;
				PRODUCT_BUNDLE_IDENTIFIER = ai.documentai.ExamplesTests;
				PRODUCT_NAME = "$(TARGET_NAME)";
				SDKROOT = auto;
				SUPPORTED_PLATFORMS = "iphoneos iphonesimulator macosx";
				SWIFT_EMIT_LOC_STRINGS = NO;
				SWIFT_VERSION = 5.0;
				TARGETED_DEVICE_FAMILY = "1,2";
				TEST_HOST = "$(BUILT_PRODUCTS_DIR)/Examples.app/$(BUNDLE_EXECUTABLE_FOLDER_PATH)/Examples";
			};
			name = Release;
		};
		7C26ED942BA433DF0054ED15 /* Debug */ = {
			isa = XCBuildConfiguration;
			buildSettings = {
				ALWAYS_EMBED_SWIFT_STANDARD_LIBRARIES = YES;
				CODE_SIGN_STYLE = Automatic;
				CURRENT_PROJECT_VERSION = 1;
				DEVELOPMENT_TEAM = T4TW6Z2N88;
				GENERATE_INFOPLIST_FILE = YES;
				IPHONEOS_DEPLOYMENT_TARGET = 17.4;
				MACOSX_DEPLOYMENT_TARGET = 14.1;
				MARKETING_VERSION = 1.0;
				PRODUCT_BUNDLE_IDENTIFIER = ai.documentai.ExamplesUITests;
				PRODUCT_NAME = "$(TARGET_NAME)";
				SDKROOT = auto;
				SUPPORTED_PLATFORMS = "iphoneos iphonesimulator macosx";
				SWIFT_EMIT_LOC_STRINGS = NO;
				SWIFT_VERSION = 5.0;
				TARGETED_DEVICE_FAMILY = "1,2";
				TEST_TARGET_NAME = Examples;
			};
			name = Debug;
		};
		7C26ED952BA433DF0054ED15 /* Release */ = {
			isa = XCBuildConfiguration;
			buildSettings = {
				ALWAYS_EMBED_SWIFT_STANDARD_LIBRARIES = YES;
				CODE_SIGN_STYLE = Automatic;
				CURRENT_PROJECT_VERSION = 1;
				DEVELOPMENT_TEAM = T4TW6Z2N88;
				GENERATE_INFOPLIST_FILE = YES;
				IPHONEOS_DEPLOYMENT_TARGET = 17.4;
				MACOSX_DEPLOYMENT_TARGET = 14.1;
				MARKETING_VERSION = 1.0;
				PRODUCT_BUNDLE_IDENTIFIER = ai.documentai.ExamplesUITests;
				PRODUCT_NAME = "$(TARGET_NAME)";
				SDKROOT = auto;
				SUPPORTED_PLATFORMS = "iphoneos iphonesimulator macosx";
				SWIFT_EMIT_LOC_STRINGS = NO;
				SWIFT_VERSION = 5.0;
				TARGETED_DEVICE_FAMILY = "1,2";
				TEST_TARGET_NAME = Examples;
			};
			name = Release;
		};
/* End XCBuildConfiguration section */

/* Begin XCConfigurationList section */
		7C26ED632BA433DE0054ED15 /* Build configuration list for PBXProject "Examples" */ = {
			isa = XCConfigurationList;
			buildConfigurations = (
				7C26ED8B2BA433DF0054ED15 /* Debug */,
				7C26ED8C2BA433DF0054ED15 /* Release */,
			);
			defaultConfigurationIsVisible = 0;
			defaultConfigurationName = Release;
		};
		7C26ED8D2BA433DF0054ED15 /* Build configuration list for PBXNativeTarget "Examples" */ = {
			isa = XCConfigurationList;
			buildConfigurations = (
				7C26ED8E2BA433DF0054ED15 /* Debug */,
				7C26ED8F2BA433DF0054ED15 /* Release */,
			);
			defaultConfigurationIsVisible = 0;
			defaultConfigurationName = Release;
		};
		7C26ED902BA433DF0054ED15 /* Build configuration list for PBXNativeTarget "ExamplesTests" */ = {
			isa = XCConfigurationList;
			buildConfigurations = (
				7C26ED912BA433DF0054ED15 /* Debug */,
				7C26ED922BA433DF0054ED15 /* Release */,
			);
			defaultConfigurationIsVisible = 0;
			defaultConfigurationName = Release;
		};
		7C26ED932BA433DF0054ED15 /* Build configuration list for PBXNativeTarget "ExamplesUITests" */ = {
			isa = XCConfigurationList;
			buildConfigurations = (
				7C26ED942BA433DF0054ED15 /* Debug */,
				7C26ED952BA433DF0054ED15 /* Release */,
			);
			defaultConfigurationIsVisible = 0;
			defaultConfigurationName = Release;
		};
/* End XCConfigurationList section */

/* Begin XCSwiftPackageProductDependency section */
		7C26ED972BA434970054ED15 /* TailwindSwiftUI */ = {
			isa = XCSwiftPackageProductDependency;
			productName = TailwindSwiftUI;
		};
/* End XCSwiftPackageProductDependency section */
	};
	rootObject = 7C26ED602BA433DE0054ED15 /* Project object */;
}
